
Microsoft Visual Studio Solution File, Format Version 12.00
# Visual Studio 15
VisualStudioVersion = 15.0.28307.489
MinimumVisualStudioVersion = 10.0.40219.1
Project("{FAE04EC0-301F-11D3-BF4B-00C04F79EFBC}") = "vidly", "vidly\vidly.csproj", "{90CF5C3D-700C-4949-99D2-08E0D5D6C73A}"
EndProject
Global
	GlobalSection(SolutionConfigurationPlatforms) = preSolution
		Debug|Any CPU = Debug|Any CPU
		Release|Any CPU = Release|Any CPU
	EndGlobalSection
	GlobalSection(ProjectConfigurationPlatforms) = postSolution
		{90CF5C3D-700C-4949-99D2-08E0D5D6C73A}.Debug|Any CPU.ActiveCfg = Debug|Any CPU
		{90CF5C3D-700C-4949-99D2-08E0D5D6C73A}.Debug|Any CPU.Build.0 = Debug|Any CPU
		{90CF5C3D-700C-4949-99D2-08E0D5D6C73A}.Release|Any CPU.ActiveCfg = Release|Any CPU
		{90CF5C3D-700C-4949-99D2-08E0D5D6C73A}.Release|Any CPU.Build.0 = Release|Any CPU
	EndGlobalSection
	GlobalSection(SolutionProperties) = preSolution
		HideSolutionNode = FALSE
	EndGlobalSection
	GlobalSection(ExtensibilityGlobals) = postSolution
		SolutionGuid = {12940CC7-F823-43E6-8995-ADB519F5FFD9}
	EndGlobalSection
EndGlobal
